
Microsoft Visual Studio Solution File, Format Version 12.00
# Visual Studio Version 17
VisualStudioVersion = 17.0.31903.59
MinimumVisualStudioVersion = 10.0.40219.1
Project("{FAE04EC0-301F-11D3-BF4B-00C04F79EFBC}") = "AppFiles", "AppFiles\AppFiles.csproj", "{2ACFD575-9D51-442F-990C-91D8D188CA20}"
EndProject
Project("{FAE04EC0-301F-11D3-BF4B-00C04F79EFBC}") = "AppFiles.Tests", "AppFiles.Tests\AppFiles.Tests.csproj", "{37119445-9A9F-4310-B0D6-4A83D76BD41E}"
EndProject
Project("{2150E333-8FDC-42A3-9474-1A3956D46DE8}") = "Tools", "Tools", "{4078A76E-89EF-4313-8800-3C317C26D7C0}"
	ProjectSection(SolutionItems) = preProject
		tools\RunTests.ps1 = tools\RunTests.ps1
		tools\PublishNuGet.ps1 = tools\PublishNuGet.ps1
		tools\SemVer.ps1 = tools\SemVer.ps1
	EndProjectSection
EndProject
Project("{2150E333-8FDC-42A3-9474-1A3956D46DE8}") = "Meta", "Meta", "{21A9A650-5A26-4728-B372-E427894FD3FE}"
	ProjectSection(SolutionItems) = preProject
		readme.md = readme.md
		.gitignore = .gitignore
	EndProjectSection
EndProject
Global
	GlobalSection(SolutionConfigurationPlatforms) = preSolution
		Debug|Any CPU = Debug|Any CPU
		Release|Any CPU = Release|Any CPU
	EndGlobalSection
	GlobalSection(SolutionProperties) = preSolution
		HideSolutionNode = FALSE
	EndGlobalSection
	GlobalSection(ProjectConfigurationPlatforms) = postSolution
		{2ACFD575-9D51-442F-990C-91D8D188CA20}.Debug|Any CPU.ActiveCfg = Debug|Any CPU
		{2ACFD575-9D51-442F-990C-91D8D188CA20}.Debug|Any CPU.Build.0 = Debug|Any CPU
		{2ACFD575-9D51-442F-990C-91D8D188CA20}.Release|Any CPU.ActiveCfg = Release|Any CPU
		{2ACFD575-9D51-442F-990C-91D8D188CA20}.Release|Any CPU.Build.0 = Release|Any CPU
		{37119445-9A9F-4310-B0D6-4A83D76BD41E}.Debug|Any CPU.ActiveCfg = Debug|Any CPU
		{37119445-9A9F-4310-B0D6-4A83D76BD41E}.Debug|Any CPU.Build.0 = Debug|Any CPU
		{37119445-9A9F-4310-B0D6-4A83D76BD41E}.Release|Any CPU.ActiveCfg = Release|Any CPU
		{37119445-9A9F-4310-B0D6-4A83D76BD41E}.Release|Any CPU.Build.0 = Release|Any CPU
	EndGlobalSection
EndGlobal
